
Microsoft Visual Studio Solution File, Format Version 12.00
# Visual Studio Version 17
VisualStudioVersion = 17.2.32602.215
MinimumVisualStudioVersion = 10.0.40219.1
Project("{FAE04EC0-301F-11D3-BF4B-00C04F79EFBC}") = "BlazorApp", "BlazorApp\BlazorApp.csproj", "{F3BC1182-7A6E-47F5-A10D-70E1A98ABF07}"
EndProject
Global
	GlobalSection(SolutionConfigurationPlatforms) = preSolution
		Debug|Any CPU = Debug|Any CPU
		Release|Any CPU = Release|Any CPU
	EndGlobalSection
	GlobalSection(ProjectConfigurationPlatforms) = postSolution
		{F3BC1182-7A6E-47F5-A10D-70E1A98ABF07}.Debug|Any CPU.ActiveCfg = Debug|Any CPU
		{F3BC1182-7A6E-47F5-A10D-70E1A98ABF07}.Debug|Any CPU.Build.0 = Debug|Any CPU
		{F3BC1182-7A6E-47F5-A10D-70E1A98ABF07}.Release|Any CPU.ActiveCfg = Release|Any CPU
		{F3BC1182-7A6E-47F5-A10D-70E1A98ABF07}.Release|Any CPU.Build.0 = Release|Any CPU
	EndGlobalSection
	GlobalSection(SolutionProperties) = preSolution
		HideSolutionNode = FALSE
	EndGlobalSection
	GlobalSection(ExtensibilityGlobals) = postSolution
		SolutionGuid = {0AB2BFBA-0FBD-45B7-9B45-CE8631563346}
	EndGlobalSection
EndGlobal
